
Microsoft Visual Studio Solution File, Format Version 11.00
# Visual Studio 2010
Project("{FAE04EC0-301F-11D3-BF4B-00C04F79EFBC}") = "Assembly-CSharp", "Assembly-CSharp.csproj", "{99093EA9-F646-E1AA-F355-B947EDF7FD39}"
EndProject
Project("{FAE04EC0-301F-11D3-BF4B-00C04F79EFBC}") = "Assembly-CSharp-Editor", "Assembly-CSharp-Editor.csproj", "{D514C1AD-059B-30D2-ACA5-B7FC51D2EA5F}"
EndProject
Global
	GlobalSection(SolutionConfigurationPlatforms) = preSolution
		Debug|Any CPU = Debug|Any CPU
		Release|Any CPU = Release|Any CPU
	EndGlobalSection
	GlobalSection(ProjectConfigurationPlatforms) = postSolution
		{99093EA9-F646-E1AA-F355-B947EDF7FD39}.Debug|Any CPU.ActiveCfg = Debug|Any CPU
		{99093EA9-F646-E1AA-F355-B947EDF7FD39}.Debug|Any CPU.Build.0 = Debug|Any CPU
		{99093EA9-F646-E1AA-F355-B947EDF7FD39}.Release|Any CPU.ActiveCfg = Release|Any CPU
		{99093EA9-F646-E1AA-F355-B947EDF7FD39}.Release|Any CPU.Build.0 = Release|Any CPU
		{D514C1AD-059B-30D2-ACA5-B7FC51D2EA5F}.Debug|Any CPU.ActiveCfg = Debug|Any CPU
		{D514C1AD-059B-30D2-ACA5-B7FC51D2EA5F}.Debug|Any CPU.Build.0 = Debug|Any CPU
		{D514C1AD-059B-30D2-ACA5-B7FC51D2EA5F}.Release|Any CPU.ActiveCfg = Release|Any CPU
		{D514C1AD-059B-30D2-ACA5-B7FC51D2EA5F}.Release|Any CPU.Build.0 = Release|Any CPU
	EndGlobalSection
	GlobalSection(SolutionProperties) = preSolution
		HideSolutionNode = FALSE
	EndGlobalSection
EndGlobal
